{
    "_meta": {
        "hash": {
            "sha256": "d1e53e1d83d2d95801c18105074d70743a2e13fcc6cd82741e92adbd6e4d9b9f"
        },
        "pipfile-spec": 6,
        "requires": {
            "python_version": "3.6"
        },
        "sources": [
            {
                "name": "pypi",
                "url": "https://pypi.org/simple",
                "verify_ssl": true
            }
        ]
    },
    "default": {
        "boto3": {
            "hashes": [
                "sha256:11dc492682cf2a4f8ff397b0a109837340ef93e77ca2e65715ce24ecf043717c",
                "sha256:ca97e1d591fe4214bac09cf347a8425061d9eecc456c147692749e383a0f3dfe"
            ],
            "index": "pypi",
            "version": "==1.16.51"
        },
        "botocore": {
            "hashes": [
                "sha256:ad4adfcc195b5401d84b0c65d3a89e507c1d54c201879c8761ff10ef5c361e21",
                "sha256:d3694f6ef918def8082513e5ef309cd6cd83b612e9984e3a66e8adc98c650a92"
            ],
            "version": "==1.19.63"
        },
        "certifi": {
            "hashes": [
                "sha256:1a4995114262bffbc2413b159f2a1a480c969de6e6eb13ee966d470af86af59c",
                "sha256:719a74fb9e33b9bd44cc7f3a8d94bc35e4049deebe19ba7d8e108280cfd59830"
            ],
            "version": "==2020.12.5"
        },
        "chardet": {
            "hashes": [
                "sha256:0d6f53a15db4120f2b08c94f11e7d93d2c911ee118b6b30a04ec3ee8310179fa",
                "sha256:f864054d66fd9118f2e67044ac8981a54775ec5b67aed0441892edb553d21da5"
            ],
            "version": "==4.0.0"
        },
        "dnslib": {
            "hashes": [
                "sha256:fbd20a7cd704836923be8e130f0da6c3d840f14ac04590fae420a41d1f1be6fb"
            ],
            "version": "==0.9.14"
        },
        "dnspython": {
            "hashes": [
                "sha256:36c5e8e38d4369a08b6780b7f27d790a292b2b08eea01607865bf0936c558e01",
                "sha256:f69c21288a962f4da86e56c4905b49d11aba7938d3d740e80d9e366ee4f1632d"
            ],
            "version": "==1.16.0"
        },
        "docopt": {
            "hashes": [
                "sha256:49b3a825280bd66b3aa83585ef59c4a8c82f2c8a522dbe754a8bc8d08c85c491"
            ],
            "version": "==0.6.2"
        },
        "dulwich": {
            "hashes": [
                "sha256:18f52e801921665986c51ddd2efe62d961efb97bdcfaf844a5b636997c0777ae",
                "sha256:1cfba9ccccd9e513afeb0bedca2de34ab674814764102eb430c75a86fba37aaa",
                "sha256:2fca59c6a0b119942be9796cdb706bd1f7e9509924c63166d437afedc6950ece",
                "sha256:4331ea9d27e8b722c178fa603760c9ba904336b41b513e092ad94c79e99c995a",
                "sha256:45dd6a82416f076b639449bbee84b39b32b5eab7b90540badf4d8b2b0ecee84f",
                "sha256:6c287ad8978b698038cdd071bbd68e838bdba935b1d7d011c1f8cc00b8edca13",
                "sha256:71511bc5038efa27614e9112acbda49d26aaec58300166c6979e220257282069",
                "sha256:7a748afb97fb0a0cd93bb5c10a4c41ca0c080f1d9473e30e1db045004a1aa585",
                "sha256:7f96647fda9a7b0cf0ab905e14403012cfaff9d459f1e57fafc92ed4870f1c65",
                "sha256:81bc2bbdc6dcd6f7c7dc43e6875914e4816f0c798bb9f89b6934e610ad30746c",
                "sha256:8fdcf2e796a978e62753eab13c919abf57337e1c464b9d518d3a30572bbbe8ee",
                "sha256:91f69ce2ed5ca99441339bb41338692b9b48ee67fd9c82b1837a5c0ce1c04f96",
                "sha256:ac764c9a9b80fa61afe3404d5270c5060aa57f7f087b11a95395d3b76f3b71fd",
                "sha256:aef6be3233b1100394b8b94a94277a8292042ab4f9ec2a0d62fa68a41edb1535",
                "sha256:b34a20eab578f36408ccfcd83c470f08cdc548081a87fbfa0bc869927eccb411",
                "sha256:b8c24d3874a5162343aaaad5fe29dd3cbe1870b670ca639ed825ca14859d56e4",
                "sha256:be63dc78424f6af8bb27cb62bbf06f6d1d54feb06a432c642e1af6dc90d1a9e9",
                "sha256:be6a954cec473dccc23086d8c5be668ccaedd90c5c7b3939c0fab4fdd8f124cd",
                "sha256:df49c6b761d222ca56d5c971736ce88a74485c75674a5d0de8b9b4a3c1869174",
                "sha256:e14fae058964846d1c4e51b4a56a709075edd308ea7bd946d65dee91b1f323c9",
                "sha256:e52520fc5e4381f3de5f06f7f6d21bd5cb0029523b4b61b97e40538a1152d49a"
            ],
            "version": "==0.20.21"
        },
        "idna": {
            "hashes": [
                "sha256:b307872f855b18632ce0c21c5e45be78c0ea7ae4c15c828c20788b26921eb3f6",
                "sha256:b97d804b1e9b523befed77c48dacec60e6dcb0b5391d57af6a65a312a90648c0"
            ],
            "version": "==2.10"
        },
        "jmespath": {
            "hashes": [
                "sha256:b85d0567b8666149a93172712e68920734333c0ce7e89b78b3e987f71e5ed4f9",
                "sha256:cdf6525904cc597730141d61b36f2e4b8ecc257c420fa2f4549bac2c2d0cb72f"
            ],
            "version": "==0.10.0"
        },
        "localstack": {
            "hashes": [
                "sha256:b3baf77741525642885a5807c40d64e6e3c62c35b03596ab7c1a5820d656e4a9"
            ],
            "index": "pypi",
            "version": "==0.11.2"
        },
        "localstack-client": {
            "hashes": [
                "sha256:dcfe0258d076d654c8b8ffd14a0783216ed7eb0567e66313928beab03966e549"
            ],
            "version": "==1.14"
        },
        "localstack-ext": {
            "hashes": [
                "sha256:95f7e5d37216159f5a58e8ace158cef66ecd1834457091a5a02bc6ce71aed5ec"
            ],
            "version": "==0.12.7.4"
        },
        "pyaes": {
            "hashes": [
                "sha256:02c1b1405c38d3c370b085fb952dd8bea3fadcee6411ad99f312cc129c536d8f"
            ],
            "version": "==1.6.1"
        },
        "python-dateutil": {
            "hashes": [
                "sha256:73ebfe9dbf22e832286dafa60473e4cd239f8592f699aa5adaf10050e6e1823c",
                "sha256:75bb3f31ea686f1197762692a9ee6a7550b59fc6ca3a1f4b5d7e32fb98e2da2a"
            ],
            "version": "==2.8.1"
        },
        "requests": {
            "hashes": [
                "sha256:27973dd4a904a4f13b263a19c866c13b92a39ed1c964655f025f3f8d3d75b804",
                "sha256:c210084e36a42ae6b9219e00e48287def368a26d03a048ddad7bfee44f75871e"
            ],
            "version": "==2.25.1"
        },
        "s3transfer": {
            "hashes": [
                "sha256:5d48b1fd2232141a9d5fb279709117aaba506cacea7f86f11bc392f06bfa8fc2",
                "sha256:c5dadf598762899d8cfaecf68eba649cd25b0ce93b6c954b156aaa3eed160547"
            ],
            "version": "==0.3.6"
        },
        "six": {
            "hashes": [
                "sha256:30639c035cdb23534cd4aa2dd52c3bf48f06e5f4a941509c8bafd8ce11080259",
                "sha256:8b74bedcbbbaca38ff6d7491d76f2b06b3592611af620f8426e82dddb04a5ced"
            ],
            "version": "==1.15.0"
        },
        "urllib3": {
            "hashes": [
                "sha256:2f4da4594db7e1e110a944bb1b551fdf4e6c136ad42e4234131391e21eb5b0df",
                "sha256:e7b021f7241115872f92f43c6508082facffbd1c048e3c6e2bb9c2a157e28937"
            ],
            "index": "pypi",
            "version": "==1.26.4"
        }
    },
    "develop": {}
}
