{
    "_meta": {
        "hash": {
            "sha256": "d1e53e1d83d2d95801c18105074d70743a2e13fcc6cd82741e92adbd6e4d9b9f"
        },
        "pipfile-spec": 6,
        "requires": {
            "python_version": "3.6"
        },
        "sources": [
            {
                "name": "pypi",
                "url": "https://pypi.org/simple",
                "verify_ssl": true
            }
        ]
    },
    "default": {
        "boto3": {
            "hashes": [
                "sha256:11dc492682cf2a4f8ff397b0a109837340ef93e77ca2e65715ce24ecf043717c",
                "sha256:ca97e1d591fe4214bac09cf347a8425061d9eecc456c147692749e383a0f3dfe"
            ],
            "index": "pypi",
            "version": "==1.16.51"
        },
        "botocore": {
            "hashes": [
                "sha256:ad4adfcc195b5401d84b0c65d3a89e507c1d54c201879c8761ff10ef5c361e21",
                "sha256:d3694f6ef918def8082513e5ef309cd6cd83b612e9984e3a66e8adc98c650a92"
            ],
            "version": "==1.19.63"
        },
        "certifi": {
            "hashes": [
                "sha256:2bbf76fd432960138b3ef6dda3dde0544f27cbf8546c458e60baf371917ba9ee",
                "sha256:50b1e4f8446b06f41be7dd6338db18e0990601dce795c2b1686458aa7e8fa7d8"
            ],
            "version": "==2021.5.30"
        },
        "chardet": {
            "hashes": [
                "sha256:0d6f53a15db4120f2b08c94f11e7d93d2c911ee118b6b30a04ec3ee8310179fa",
                "sha256:f864054d66fd9118f2e67044ac8981a54775ec5b67aed0441892edb553d21da5"
            ],
            "version": "==4.0.0"
        },
        "dnslib": {
            "hashes": [
                "sha256:2d66b43d563d60c469117c8cb615843e7d05bf8fb2e6cb00a637281d26b7ec7d",
                "sha256:87dd634ce2349ced88fa5e50848d34b57569f99b4a542f72b9314d1e72fabf95"
            ],
            "version": "==0.9.16"
        },
        "dnspython": {
            "hashes": [
                "sha256:36c5e8e38d4369a08b6780b7f27d790a292b2b08eea01607865bf0936c558e01",
                "sha256:f69c21288a962f4da86e56c4905b49d11aba7938d3d740e80d9e366ee4f1632d"
            ],
            "version": "==1.16.0"
        },
        "docopt": {
            "hashes": [
                "sha256:49b3a825280bd66b3aa83585ef59c4a8c82f2c8a522dbe754a8bc8d08c85c491"
            ],
            "version": "==0.6.2"
        },
        "dulwich": {
            "hashes": [
                "sha256:02439319d764d2df194a81f96ad65d5ad4e09e5b10c9d0ed22a28aa2ca8aec4f",
                "sha256:17c556b81a9593003b40c60bf80698802834458ee4c969ccf9a55077de876785",
                "sha256:402e56b5c07f040479d1188e5c2f406e2c006aa3943080155d4c6d05e5fca865",
                "sha256:53a5db0f85cf5868766b92c03278ca0ba36bccf2076cfaed4b91c034a8dbc967",
                "sha256:5fa3db56cc86fe4e16b9645b12b2a9e19ae7263817e97a2cee744b5062769c55",
                "sha256:645429801e9f4dd25e08fa6cb72175af2a9e7e396fb6d0983ab98f8af4d6d9ab",
                "sha256:7a3992324e896afcb262fb384345f9a36364f8f9be848779041a15897897ec23",
                "sha256:7bc04283563d0f0b56b0686ad55702108950d4ed66c8ce4216400f5046b77d59",
                "sha256:89606403c43e4d78ce549f5ba5d82c2d263027ec3ea7f51873861d9f511a0362",
                "sha256:8d982f98f692acb7614f60d701b5eaf10f05dddb0482182ef3aae2fed0f5df83",
                "sha256:992767878cca3997454d397aa60d9df456b7204e64322dbec3c76b32a4bae070",
                "sha256:a4fa6221978437508d7974a8239a21c6291b35230409427a0de8a67b40905140",
                "sha256:c0a2def5f6d3293a9d13dc0ce4f4674525fdf94644909fa56b57a3d2cf642fad",
                "sha256:c4cd03c793e11c8ad3c96f296a908837483f82746b3aa8c680389cd5ca3c25a6",
                "sha256:d410093f9b37089c8199853f8442c9577fc2b7bd985b6568a32461d15397ad67",
                "sha256:ebdff115e6fc45b957322d9f5197ef947eb3cf523449612228fb3b1f6133acb6",
                "sha256:fad33179c8c3a5782740865151a4011c4665bc6e356a200c9543637a180254e1"
            ],
            "version": "==0.20.23"
        },
        "idna": {
            "hashes": [
                "sha256:b307872f855b18632ce0c21c5e45be78c0ea7ae4c15c828c20788b26921eb3f6",
                "sha256:b97d804b1e9b523befed77c48dacec60e6dcb0b5391d57af6a65a312a90648c0"
            ],
            "version": "==2.10"
        },
        "jmespath": {
            "hashes": [
                "sha256:b85d0567b8666149a93172712e68920734333c0ce7e89b78b3e987f71e5ed4f9",
                "sha256:cdf6525904cc597730141d61b36f2e4b8ecc257c420fa2f4549bac2c2d0cb72f"
            ],
            "version": "==0.10.0"
        },
        "localstack": {
            "hashes": [
                "sha256:b3baf77741525642885a5807c40d64e6e3c62c35b03596ab7c1a5820d656e4a9"
            ],
            "index": "pypi",
            "version": "==0.11.2"
        },
        "localstack-client": {
            "hashes": [
                "sha256:7f147caede58b758271106fcbb58161ed517959fb75b522e97fa848697755eb6"
            ],
            "version": "==1.20"
        },
        "localstack-ext": {
            "hashes": [
                "sha256:c0d21463d071f1383b92772fc5d1942fefe3b8e48e7aebe24242d4ec6b07ac64"
            ],
            "version": "==0.12.9.29"
        },
        "pyaes": {
            "hashes": [
                "sha256:02c1b1405c38d3c370b085fb952dd8bea3fadcee6411ad99f312cc129c536d8f"
            ],
            "version": "==1.6.1"
        },
        "python-dateutil": {
            "hashes": [
                "sha256:73ebfe9dbf22e832286dafa60473e4cd239f8592f699aa5adaf10050e6e1823c",
                "sha256:75bb3f31ea686f1197762692a9ee6a7550b59fc6ca3a1f4b5d7e32fb98e2da2a"
            ],
            "version": "==2.8.1"
        },
        "requests": {
            "hashes": [
                "sha256:27973dd4a904a4f13b263a19c866c13b92a39ed1c964655f025f3f8d3d75b804",
                "sha256:c210084e36a42ae6b9219e00e48287def368a26d03a048ddad7bfee44f75871e"
            ],
            "version": "==2.25.1"
        },
        "s3transfer": {
            "hashes": [
                "sha256:35627b86af8ff97e7ac27975fe0a98a312814b46c6333d8a6b889627bcd80994",
                "sha256:efa5bd92a897b6a8d5c1383828dca3d52d0790e0756d49740563a3fb6ed03246"
            ],
            "version": "==0.3.7"
        },
        "six": {
            "hashes": [
                "sha256:1e61c37477a1626458e36f7b1d82aa5c9b094fa4802892072e49de9c60c4c926",
                "sha256:8abb2f1d86890a2dfb989f9a77cfcfd3e47c2a354b01111771326f8aa26e0254"
            ],
            "version": "==1.16.0"
        },
        "urllib3": {
            "hashes": [
                "sha256:753a0374df26658f99d826cfe40394a686d05985786d946fbe4165b5148f5a7c",
                "sha256:a7acd0977125325f516bda9735fa7142b909a8d01e8b2e4c8108d0984e6e0098"
            ],
            "index": "pypi",
            "version": "==1.26.5"
        }
    },
    "develop": {}
}
