{
    "_meta": {
        "hash": {
            "sha256": "d1e53e1d83d2d95801c18105074d70743a2e13fcc6cd82741e92adbd6e4d9b9f"
        },
        "pipfile-spec": 6,
        "requires": {
            "python_version": "3.6"
        },
        "sources": [
            {
                "name": "pypi",
                "url": "https://pypi.org/simple",
                "verify_ssl": true
            }
        ]
    },
    "default": {
        "boto3": {
            "hashes": [
                "sha256:11dc492682cf2a4f8ff397b0a109837340ef93e77ca2e65715ce24ecf043717c",
                "sha256:ca97e1d591fe4214bac09cf347a8425061d9eecc456c147692749e383a0f3dfe"
            ],
            "index": "pypi",
            "version": "==1.16.51"
        },
        "botocore": {
            "hashes": [
                "sha256:ad4adfcc195b5401d84b0c65d3a89e507c1d54c201879c8761ff10ef5c361e21",
                "sha256:d3694f6ef918def8082513e5ef309cd6cd83b612e9984e3a66e8adc98c650a92"
            ],
            "version": "==1.19.63"
        },
        "certifi": {
            "hashes": [
                "sha256:1a4995114262bffbc2413b159f2a1a480c969de6e6eb13ee966d470af86af59c",
                "sha256:719a74fb9e33b9bd44cc7f3a8d94bc35e4049deebe19ba7d8e108280cfd59830"
            ],
            "version": "==2020.12.5"
        },
        "chardet": {
            "hashes": [
                "sha256:0d6f53a15db4120f2b08c94f11e7d93d2c911ee118b6b30a04ec3ee8310179fa",
                "sha256:f864054d66fd9118f2e67044ac8981a54775ec5b67aed0441892edb553d21da5"
            ],
            "version": "==4.0.0"
        },
        "dnslib": {
            "hashes": [
                "sha256:fbd20a7cd704836923be8e130f0da6c3d840f14ac04590fae420a41d1f1be6fb"
            ],
            "version": "==0.9.14"
        },
        "dnspython": {
            "hashes": [
                "sha256:36c5e8e38d4369a08b6780b7f27d790a292b2b08eea01607865bf0936c558e01",
                "sha256:f69c21288a962f4da86e56c4905b49d11aba7938d3d740e80d9e366ee4f1632d"
            ],
            "version": "==1.16.0"
        },
        "docopt": {
            "hashes": [
                "sha256:49b3a825280bd66b3aa83585ef59c4a8c82f2c8a522dbe754a8bc8d08c85c491"
            ],
            "version": "==0.6.2"
        },
        "dulwich": {
            "hashes": [
                "sha256:03e7e75a8777fdb92efa66d25be378704d0b1c18af0f5970a3288c0a7c210e19",
                "sha256:1035720230d9defc2178ca79b8036442896a3391a451ed09d245f3fadf389452",
                "sha256:1af700600ee04e0ddccc619431ea554e4af97ccbb37e5e61dfdf3ca08cea7b05",
                "sha256:22c3f90c9c85b09314c2775ad7454edada433cc0f4ba69334383c9b00b09ef3c",
                "sha256:2833e9cf32d653cb326ea2423eedb0439e21d95e7b72a9e4c3ca00e2526f4554",
                "sha256:426959b9705fadcc6c820e5adf3291d71a48aba0afccf7411422e3308f115f87",
                "sha256:5c7bddd947b62c50cfe1bcc10da5ed51aecf38b4b2ea0e8b420232aaa7cf64ef",
                "sha256:61d91761a10ba90e2bb709297d7dab9c6a74b19bafb07c1bc644ee2a6f835c0b",
                "sha256:a5507bdc13ac88eafc7d03e58288814bbf59648b484bd27b7692cc9fe3fd87a4",
                "sha256:cfb727c59bfa418d378934206e29857512f00608cbc5b27e544b2357d36f9713",
                "sha256:cfc48fa2ce877360f0a7aa0ec3aa5143d61617ec66f96bb11a30c7ae135ec450",
                "sha256:da920a0d2ff736b89a403f8d5413c78fbac015fbc37775cd862820c868b31cad",
                "sha256:def6f826cae29d8d9ce0429fbec0c48ec7924ba37d596f2076b5f55bff93d793",
                "sha256:e0bbcb3e9a5889d3e9e21ea99ae239389da054208e31485c591f60c7b08345aa",
                "sha256:e24f7f665c7e615c7c6a51a1d8e24e89a9c1a9f5898b89bbeff4a845ad3c19dc",
                "sha256:f94396c746df2678fc9a3c7abd6c135ea4ba10e1c27f5d1f1cdeebd163541232",
                "sha256:ff11304aaa3f452257454d11d084226fb008f76977a4c90ae2ba3dee81017a74"
            ],
            "version": "==0.20.20"
        },
        "idna": {
            "hashes": [
                "sha256:b307872f855b18632ce0c21c5e45be78c0ea7ae4c15c828c20788b26921eb3f6",
                "sha256:b97d804b1e9b523befed77c48dacec60e6dcb0b5391d57af6a65a312a90648c0"
            ],
            "version": "==2.10"
        },
        "jmespath": {
            "hashes": [
                "sha256:b85d0567b8666149a93172712e68920734333c0ce7e89b78b3e987f71e5ed4f9",
                "sha256:cdf6525904cc597730141d61b36f2e4b8ecc257c420fa2f4549bac2c2d0cb72f"
            ],
            "version": "==0.10.0"
        },
        "localstack": {
            "hashes": [
                "sha256:b3baf77741525642885a5807c40d64e6e3c62c35b03596ab7c1a5820d656e4a9"
            ],
            "index": "pypi",
            "version": "==0.11.2"
        },
        "localstack-client": {
            "hashes": [
                "sha256:dcfe0258d076d654c8b8ffd14a0783216ed7eb0567e66313928beab03966e549"
            ],
            "version": "==1.14"
        },
        "localstack-ext": {
            "hashes": [
                "sha256:93cb55a837817a20c4e02763d5d1d654a584c251047fef42c93287cd0ca46395"
            ],
            "version": "==0.12.5.32"
        },
        "pyaes": {
            "hashes": [
                "sha256:02c1b1405c38d3c370b085fb952dd8bea3fadcee6411ad99f312cc129c536d8f"
            ],
            "version": "==1.6.1"
        },
        "python-dateutil": {
            "hashes": [
                "sha256:73ebfe9dbf22e832286dafa60473e4cd239f8592f699aa5adaf10050e6e1823c",
                "sha256:75bb3f31ea686f1197762692a9ee6a7550b59fc6ca3a1f4b5d7e32fb98e2da2a"
            ],
            "version": "==2.8.1"
        },
        "requests": {
            "hashes": [
                "sha256:27973dd4a904a4f13b263a19c866c13b92a39ed1c964655f025f3f8d3d75b804",
                "sha256:c210084e36a42ae6b9219e00e48287def368a26d03a048ddad7bfee44f75871e"
            ],
            "version": "==2.25.1"
        },
        "s3transfer": {
            "hashes": [
                "sha256:5d48b1fd2232141a9d5fb279709117aaba506cacea7f86f11bc392f06bfa8fc2",
                "sha256:c5dadf598762899d8cfaecf68eba649cd25b0ce93b6c954b156aaa3eed160547"
            ],
            "version": "==0.3.6"
        },
        "six": {
            "hashes": [
                "sha256:30639c035cdb23534cd4aa2dd52c3bf48f06e5f4a941509c8bafd8ce11080259",
                "sha256:8b74bedcbbbaca38ff6d7491d76f2b06b3592611af620f8426e82dddb04a5ced"
            ],
            "version": "==1.15.0"
        },
        "urllib3": {
            "hashes": [
                "sha256:1b465e494e3e0d8939b50680403e3aedaa2bc434b7d5af64dfd3c958d7f5ae80",
                "sha256:de3eedaad74a2683334e282005cd8d7f22f4d55fa690a2a1020a416cb0a47e73"
            ],
            "index": "pypi",
            "version": "==1.26.3"
        }
    },
    "develop": {}
}
